// !$*UTF8*$!
{
	archiveVersion = 1;
	classes = {
	};
	objectVersion = 48;
	objects = {

/* Begin PBXBuildFile section */
		B81AB9861FCD53D800FFA959 /* AppDelegate.swift in Sources */ = {isa = PBXBuildFile; fileRef = B81AB9851FCD53D800FFA959 /* AppDelegate.swift */; };
		B81AB98B1FCD53D800FFA959 /* Main.storyboard in Resources */ = {isa = PBXBuildFile; fileRef = B81AB9891FCD53D800FFA959 /* Main.storyboard */; };
		B81AB98E1FCD53D800FFA959 /* ECommerce.xcdatamodeld in Sources */ = {isa = PBXBuildFile; fileRef = B81AB98C1FCD53D800FFA959 /* ECommerce.xcdatamodeld */; };
		B81AB9901FCD53D800FFA959 /* Assets.xcassets in Resources */ = {isa = PBXBuildFile; fileRef = B81AB98F1FCD53D800FFA959 /* Assets.xcassets */; };
		B81AB9931FCD53D800FFA959 /* LaunchScreen.storyboard in Resources */ = {isa = PBXBuildFile; fileRef = B81AB9911FCD53D800FFA959 /* LaunchScreen.storyboard */; };
		B81AB99E1FCD53D800FFA959 /* ECommerceTests.swift in Sources */ = {isa = PBXBuildFile; fileRef = B81AB99D1FCD53D800FFA959 /* ECommerceTests.swift */; };
		B81AB9A91FCD53D800FFA959 /* ECommerceUITests.swift in Sources */ = {isa = PBXBuildFile; fileRef = B81AB9A81FCD53D800FFA959 /* ECommerceUITests.swift */; };
		B81AB9BC1FCD54CA00FFA959 /* RankingViewController.swift in Sources */ = {isa = PBXBuildFile; fileRef = B81AB9BB1FCD54CA00FFA959 /* RankingViewController.swift */; };
		B81AB9C61FCD7B1B00FFA959 /* CategoryViewModel.swift in Sources */ = {isa = PBXBuildFile; fileRef = B81AB9C51FCD7B1B00FFA959 /* CategoryViewModel.swift */; };
		B81AB9C71FCD7C4E00FFA959 /* RequestManager.swift in Sources */ = {isa = PBXBuildFile; fileRef = B81AB9C31FCD785500FFA959 /* RequestManager.swift */; };
		B81AB9C81FCD7C6000FFA959 /* ApiManager.swift in Sources */ = {isa = PBXBuildFile; fileRef = B81AB9BF1FCD785500FFA959 /* ApiManager.swift */; };
		B81AB9C91FCD7C7400FFA959 /* DatabaseManager.swift in Sources */ = {isa = PBXBuildFile; fileRef = B81AB9C01FCD785500FFA959 /* DatabaseManager.swift */; };
		B81AB9CA1FCD7C7600FFA959 /* ImageDownloader.swift in Sources */ = {isa = PBXBuildFile; fileRef = B81AB9C11FCD785500FFA959 /* ImageDownloader.swift */; };
		B81AB9CB1FCD7C7900FFA959 /* PendingTask.swift in Sources */ = {isa = PBXBuildFile; fileRef = B81AB9C21FCD785500FFA959 /* PendingTask.swift */; };
		B81AB9CC1FCD83A400FFA959 /* ProductsListViewController.swift in Sources */ = {isa = PBXBuildFile; fileRef = B81AB9B91FCD549200FFA959 /* ProductsListViewController.swift */; };
		B83299641FD12BB8000FBB3B /* RankingProductListViewController.swift in Sources */ = {isa = PBXBuildFile; fileRef = B83299631FD12BB8000FBB3B /* RankingProductListViewController.swift */; };
		B856B92A1FCFF4EA00B76A58 /* ProductDetailViewController.swift in Sources */ = {isa = PBXBuildFile; fileRef = B856B9291FCFF4EA00B76A58 /* ProductDetailViewController.swift */; };
		B856B92C1FCFF63C00B76A58 /* ProductDetailCell.swift in Sources */ = {isa = PBXBuildFile; fileRef = B856B92B1FCFF63C00B76A58 /* ProductDetailCell.swift */; };
		B89196DC1FCE841A0021F37B /* CategoryViewController.swift in Sources */ = {isa = PBXBuildFile; fileRef = B89196DB1FCE841A0021F37B /* CategoryViewController.swift */; };
		B89196DE1FCE842C0021F37B /* SubCategoryViewController.swift in Sources */ = {isa = PBXBuildFile; fileRef = B89196DD1FCE842C0021F37B /* SubCategoryViewController.swift */; };
		B89196E01FCE84F60021F37B /* Tax.swift in Sources */ = {isa = PBXBuildFile; fileRef = B89196DF1FCE84F60021F37B /* Tax.swift */; };
		B89196E21FCE85400021F37B /* Variant.swift in Sources */ = {isa = PBXBuildFile; fileRef = B89196E11FCE85400021F37B /* Variant.swift */; };
		B89196E41FCE85780021F37B /* Product.swift in Sources */ = {isa = PBXBuildFile; fileRef = B89196E31FCE85780021F37B /* Product.swift */; };
		B89196E61FCE85C10021F37B /* ProductCategory.swift in Sources */ = {isa = PBXBuildFile; fileRef = B89196E51FCE85C10021F37B /* ProductCategory.swift */; };
		B89196E81FCE85EF0021F37B /* ProductRank.swift in Sources */ = {isa = PBXBuildFile; fileRef = B89196E71FCE85EF0021F37B /* ProductRank.swift */; };
		B89196EA1FCE86130021F37B /* Rankings.swift in Sources */ = {isa = PBXBuildFile; fileRef = B89196E91FCE86130021F37B /* Rankings.swift */; };
		B89196EC1FCE86310021F37B /* ProductResponseVO.swift in Sources */ = {isa = PBXBuildFile; fileRef = B89196EB1FCE86310021F37B /* ProductResponseVO.swift */; };
		B8A068081FCFD1AA00E2FB9C /* ProductListCell.swift in Sources */ = {isa = PBXBuildFile; fileRef = B8A068071FCFD1AA00E2FB9C /* ProductListCell.swift */; };
		B8FE9F091FD1412C00640D49 /* ProductRankListCell.swift in Sources */ = {isa = PBXBuildFile; fileRef = B8FE9F081FD1412C00640D49 /* ProductRankListCell.swift */; };
/* End PBXBuildFile section */

/* Begin PBXContainerItemProxy section */
		B81AB99A1FCD53D800FFA959 /* PBXContainerItemProxy */ = {
			isa = PBXContainerItemProxy;
			containerPortal = B81AB97A1FCD53D800FFA959 /* Project object */;
			proxyType = 1;
			remoteGlobalIDString = B81AB9811FCD53D800FFA959;
			remoteInfo = ECommerce;
		};
		B81AB9A51FCD53D800FFA959 /* PBXContainerItemProxy */ = {
			isa = PBXContainerItemProxy;
			containerPortal = B81AB97A1FCD53D800FFA959 /* Project object */;
			proxyType = 1;
			remoteGlobalIDString = B81AB9811FCD53D800FFA959;
			remoteInfo = ECommerce;
		};
/* End PBXContainerItemProxy section */

/* Begin PBXFileReference section */
		B81AB9821FCD53D800FFA959 /* ECommerce.app */ = {isa = PBXFileReference; explicitFileType = wrapper.application; includeInIndex = 0; path = ECommerce.app; sourceTree = BUILT_PRODUCTS_DIR; };
		B81AB9851FCD53D800FFA959 /* AppDelegate.swift */ = {isa = PBXFileReference; lastKnownFileType = sourcecode.swift; path = AppDelegate.swift; sourceTree = "<group>"; };
		B81AB98A1FCD53D800FFA959 /* Base */ = {isa = PBXFileReference; lastKnownFileType = file.storyboard; name = Base; path = Base.lproj/Main.storyboard; sourceTree = "<group>"; };
		B81AB98D1FCD53D800FFA959 /* ECommerce.xcdatamodel */ = {isa = PBXFileReference; lastKnownFileType = wrapper.xcdatamodel; path = ECommerce.xcdatamodel; sourceTree = "<group>"; };
		B81AB98F1FCD53D800FFA959 /* Assets.xcassets */ = {isa = PBXFileReference; lastKnownFileType = folder.assetcatalog; path = Assets.xcassets; sourceTree = "<group>"; };
		B81AB9921FCD53D800FFA959 /* Base */ = {isa = PBXFileReference; lastKnownFileType = file.storyboard; name = Base; path = Base.lproj/LaunchScreen.storyboard; sourceTree = "<group>"; };
		B81AB9941FCD53D800FFA959 /* Info.plist */ = {isa = PBXFileReference; lastKnownFileType = text.plist.xml; path = Info.plist; sourceTree = "<group>"; };
		B81AB9991FCD53D800FFA959 /* ECommerceTests.xctest */ = {isa = PBXFileReference; explicitFileType = wrapper.cfbundle; includeInIndex = 0; path = ECommerceTests.xctest; sourceTree = BUILT_PRODUCTS_DIR; };
		B81AB99D1FCD53D800FFA959 /* ECommerceTests.swift */ = {isa = PBXFileReference; lastKnownFileType = sourcecode.swift; path = ECommerceTests.swift; sourceTree = "<group>"; };
		B81AB99F1FCD53D800FFA959 /* Info.plist */ = {isa = PBXFileReference; lastKnownFileType = text.plist.xml; path = Info.plist; sourceTree = "<group>"; };
		B81AB9A41FCD53D800FFA959 /* ECommerceUITests.xctest */ = {isa = PBXFileReference; explicitFileType = wrapper.cfbundle; includeInIndex = 0; path = ECommerceUITests.xctest; sourceTree = BUILT_PRODUCTS_DIR; };
		B81AB9A81FCD53D800FFA959 /* ECommerceUITests.swift */ = {isa = PBXFileReference; lastKnownFileType = sourcecode.swift; path = ECommerceUITests.swift; sourceTree = "<group>"; };
		B81AB9AA1FCD53D800FFA959 /* Info.plist */ = {isa = PBXFileReference; lastKnownFileType = text.plist.xml; path = Info.plist; sourceTree = "<group>"; };
		B81AB9B91FCD549200FFA959 /* ProductsListViewController.swift */ = {isa = PBXFileReference; lastKnownFileType = sourcecode.swift; path = ProductsListViewController.swift; sourceTree = "<group>"; };
		B81AB9BB1FCD54CA00FFA959 /* RankingViewController.swift */ = {isa = PBXFileReference; lastKnownFileType = sourcecode.swift; path = RankingViewController.swift; sourceTree = "<group>"; };
		B81AB9BF1FCD785500FFA959 /* ApiManager.swift */ = {isa = PBXFileReference; lastKnownFileType = sourcecode.swift; path = ApiManager.swift; sourceTree = "<group>"; };
		B81AB9C01FCD785500FFA959 /* DatabaseManager.swift */ = {isa = PBXFileReference; lastKnownFileType = sourcecode.swift; path = DatabaseManager.swift; sourceTree = "<group>"; };
		B81AB9C11FCD785500FFA959 /* ImageDownloader.swift */ = {isa = PBXFileReference; lastKnownFileType = sourcecode.swift; path = ImageDownloader.swift; sourceTree = "<group>"; };
		B81AB9C21FCD785500FFA959 /* PendingTask.swift */ = {isa = PBXFileReference; lastKnownFileType = sourcecode.swift; path = PendingTask.swift; sourceTree = "<group>"; };
		B81AB9C31FCD785500FFA959 /* RequestManager.swift */ = {isa = PBXFileReference; lastKnownFileType = sourcecode.swift; path = RequestManager.swift; sourceTree = "<group>"; };
		B81AB9C51FCD7B1B00FFA959 /* CategoryViewModel.swift */ = {isa = PBXFileReference; lastKnownFileType = sourcecode.swift; path = CategoryViewModel.swift; sourceTree = "<group>"; };
		B83299631FD12BB8000FBB3B /* RankingProductListViewController.swift */ = {isa = PBXFileReference; lastKnownFileType = sourcecode.swift; path = RankingProductListViewController.swift; sourceTree = "<group>"; };
		B856B9291FCFF4EA00B76A58 /* ProductDetailViewController.swift */ = {isa = PBXFileReference; lastKnownFileType = sourcecode.swift; path = ProductDetailViewController.swift; sourceTree = "<group>"; };
		B856B92B1FCFF63C00B76A58 /* ProductDetailCell.swift */ = {isa = PBXFileReference; lastKnownFileType = sourcecode.swift; path = ProductDetailCell.swift; sourceTree = "<group>"; };
		B89196DB1FCE841A0021F37B /* CategoryViewController.swift */ = {isa = PBXFileReference; lastKnownFileType = sourcecode.swift; path = CategoryViewController.swift; sourceTree = "<group>"; };
		B89196DD1FCE842C0021F37B /* SubCategoryViewController.swift */ = {isa = PBXFileReference; lastKnownFileType = sourcecode.swift; path = SubCategoryViewController.swift; sourceTree = "<group>"; };
		B89196DF1FCE84F60021F37B /* Tax.swift */ = {isa = PBXFileReference; lastKnownFileType = sourcecode.swift; path = Tax.swift; sourceTree = "<group>"; };
		B89196E11FCE85400021F37B /* Variant.swift */ = {isa = PBXFileReference; lastKnownFileType = sourcecode.swift; path = Variant.swift; sourceTree = "<group>"; };
		B89196E31FCE85780021F37B /* Product.swift */ = {isa = PBXFileReference; lastKnownFileType = sourcecode.swift; path = Product.swift; sourceTree = "<group>"; };
		B89196E51FCE85C10021F37B /* ProductCategory.swift */ = {isa = PBXFileReference; lastKnownFileType = sourcecode.swift; path = ProductCategory.swift; sourceTree = "<group>"; };
		B89196E71FCE85EF0021F37B /* ProductRank.swift */ = {isa = PBXFileReference; lastKnownFileType = sourcecode.swift; path = ProductRank.swift; sourceTree = "<group>"; };
		B89196E91FCE86130021F37B /* Rankings.swift */ = {isa = PBXFileReference; lastKnownFileType = sourcecode.swift; path = Rankings.swift; sourceTree = "<group>"; };
		B89196EB1FCE86310021F37B /* ProductResponseVO.swift */ = {isa = PBXFileReference; lastKnownFileType = sourcecode.swift; path = ProductResponseVO.swift; sourceTree = "<group>"; };
		B8A068071FCFD1AA00E2FB9C /* ProductListCell.swift */ = {isa = PBXFileReference; lastKnownFileType = sourcecode.swift; path = ProductListCell.swift; sourceTree = "<group>"; };
		B8FE9F081FD1412C00640D49 /* ProductRankListCell.swift */ = {isa = PBXFileReference; lastKnownFileType = sourcecode.swift; path = ProductRankListCell.swift; sourceTree = "<group>"; };
/* End PBXFileReference section */

/* Begin PBXFrameworksBuildPhase section */
		B81AB97F1FCD53D800FFA959 /* Frameworks */ = {
			isa = PBXFrameworksBuildPhase;
			buildActionMask = 2147483647;
			files = (
			);
			runOnlyForDeploymentPostprocessing = 0;
		};
		B81AB9961FCD53D800FFA959 /* Frameworks */ = {
			isa = PBXFrameworksBuildPhase;
			buildActionMask = 2147483647;
			files = (
			);
			runOnlyForDeploymentPostprocessing = 0;
		};
		B81AB9A11FCD53D800FFA959 /* Frameworks */ = {
			isa = PBXFrameworksBuildPhase;
			buildActionMask = 2147483647;
			files = (
			);
			runOnlyForDeploymentPostprocessing = 0;
		};
/* End PBXFrameworksBuildPhase section */

/* Begin PBXGroup section */
		B81AB9791FCD53D800FFA959 = {
			isa = PBXGroup;
			children = (
				B81AB9841FCD53D800FFA959 /* ECommerce */,
				B81AB99C1FCD53D800FFA959 /* ECommerceTests */,
				B81AB9A71FCD53D800FFA959 /* ECommerceUITests */,
				B81AB9831FCD53D800FFA959 /* Products */,
			);
			sourceTree = "<group>";
		};
		B81AB9831FCD53D800FFA959 /* Products */ = {
			isa = PBXGroup;
			children = (
				B81AB9821FCD53D800FFA959 /* ECommerce.app */,
				B81AB9991FCD53D800FFA959 /* ECommerceTests.xctest */,
				B81AB9A41FCD53D800FFA959 /* ECommerceUITests.xctest */,
			);
			name = Products;
			sourceTree = "<group>";
		};
		B81AB9841FCD53D800FFA959 /* ECommerce */ = {
			isa = PBXGroup;
			children = (
				B81AB9BD1FCD785500FFA959 /* Helper Classes */,
				B81AB9B81FCD549200FFA959 /* Controller */,
				B81AB9BA1FCD549200FFA959 /* Model */,
				B81AB9B71FCD549200FFA959 /* View */,
				B81AB9B61FCD549200FFA959 /* ViewModel */,
				B81AB9851FCD53D800FFA959 /* AppDelegate.swift */,
				B81AB9891FCD53D800FFA959 /* Main.storyboard */,
				B81AB98F1FCD53D800FFA959 /* Assets.xcassets */,
				B81AB9911FCD53D800FFA959 /* LaunchScreen.storyboard */,
				B81AB9941FCD53D800FFA959 /* Info.plist */,
				B81AB98C1FCD53D800FFA959 /* ECommerce.xcdatamodeld */,
			);
			path = ECommerce;
			sourceTree = "<group>";
		};
		B81AB99C1FCD53D800FFA959 /* ECommerceTests */ = {
			isa = PBXGroup;
			children = (
				B81AB99D1FCD53D800FFA959 /* ECommerceTests.swift */,
				B81AB99F1FCD53D800FFA959 /* Info.plist */,
			);
			path = ECommerceTests;
			sourceTree = "<group>";
		};
		B81AB9A71FCD53D800FFA959 /* ECommerceUITests */ = {
			isa = PBXGroup;
			children = (
				B81AB9A81FCD53D800FFA959 /* ECommerceUITests.swift */,
				B81AB9AA1FCD53D800FFA959 /* Info.plist */,
			);
			path = ECommerceUITests;
			sourceTree = "<group>";
		};
		B81AB9B61FCD549200FFA959 /* ViewModel */ = {
			isa = PBXGroup;
			children = (
				B81AB9C51FCD7B1B00FFA959 /* CategoryViewModel.swift */,
			);
			path = ViewModel;
			sourceTree = "<group>";
		};
		B81AB9B71FCD549200FFA959 /* View */ = {
			isa = PBXGroup;
			children = (
				B8A068071FCFD1AA00E2FB9C /* ProductListCell.swift */,
				B856B92B1FCFF63C00B76A58 /* ProductDetailCell.swift */,
				B8FE9F081FD1412C00640D49 /* ProductRankListCell.swift */,
			);
			path = View;
			sourceTree = "<group>";
		};
		B81AB9B81FCD549200FFA959 /* Controller */ = {
			isa = PBXGroup;
			children = (
				B83299621FD12B9A000FBB3B /* Ranking */,
				B83299611FD12B88000FBB3B /* Product */,
				B83299601FD12B1A000FBB3B /* Category */,
			);
			path = Controller;
			sourceTree = "<group>";
		};
		B81AB9BA1FCD549200FFA959 /* Model */ = {
			isa = PBXGroup;
			children = (
				B89196DF1FCE84F60021F37B /* Tax.swift */,
				B89196E11FCE85400021F37B /* Variant.swift */,
				B89196E31FCE85780021F37B /* Product.swift */,
				B89196E51FCE85C10021F37B /* ProductCategory.swift */,
				B89196E71FCE85EF0021F37B /* ProductRank.swift */,
				B89196E91FCE86130021F37B /* Rankings.swift */,
				B89196EB1FCE86310021F37B /* ProductResponseVO.swift */,
			);
			path = Model;
			sourceTree = "<group>";
		};
		B81AB9BD1FCD785500FFA959 /* Helper Classes */ = {
			isa = PBXGroup;
			children = (
				B83299651FD12F1B000FBB3B /* DatabaseManager */,
				B81AB9BE1FCD785500FFA959 /* ApiManager */,
			);
			path = "Helper Classes";
			sourceTree = "<group>";
		};
		B81AB9BE1FCD785500FFA959 /* ApiManager */ = {
			isa = PBXGroup;
			children = (
				B81AB9BF1FCD785500FFA959 /* ApiManager.swift */,
				B81AB9C11FCD785500FFA959 /* ImageDownloader.swift */,
				B81AB9C21FCD785500FFA959 /* PendingTask.swift */,
				B81AB9C31FCD785500FFA959 /* RequestManager.swift */,
			);
			path = ApiManager;
			sourceTree = "<group>";
		};
		B83299601FD12B1A000FBB3B /* Category */ = {
			isa = PBXGroup;
			children = (
				B89196DB1FCE841A0021F37B /* CategoryViewController.swift */,
				B89196DD1FCE842C0021F37B /* SubCategoryViewController.swift */,
			);
			path = Category;
			sourceTree = "<group>";
		};
		B83299611FD12B88000FBB3B /* Product */ = {
			isa = PBXGroup;
			children = (
				B81AB9B91FCD549200FFA959 /* ProductsListViewController.swift */,
				B856B9291FCFF4EA00B76A58 /* ProductDetailViewController.swift */,
			);
			path = Product;
			sourceTree = "<group>";
		};
		B83299621FD12B9A000FBB3B /* Ranking */ = {
			isa = PBXGroup;
			children = (
				B81AB9BB1FCD54CA00FFA959 /* RankingViewController.swift */,
				B83299631FD12BB8000FBB3B /* RankingProductListViewController.swift */,
			);
			path = Ranking;
			sourceTree = "<group>";
		};
		B83299651FD12F1B000FBB3B /* DatabaseManager */ = {
			isa = PBXGroup;
			children = (
				B81AB9C01FCD785500FFA959 /* DatabaseManager.swift */,
			);
			path = DatabaseManager;
			sourceTree = "<group>";
		};
/* End PBXGroup section */

/* Begin PBXNativeTarget section */
		B81AB9811FCD53D800FFA959 /* ECommerce */ = {
			isa = PBXNativeTarget;
			buildConfigurationList = B81AB9AD1FCD53D800FFA959 /* Build configuration list for PBXNativeTarget "ECommerce" */;
			buildPhases = (
				B81AB97E1FCD53D800FFA959 /* Sources */,
				B81AB97F1FCD53D800FFA959 /* Frameworks */,
				B81AB9801FCD53D800FFA959 /* Resources */,
			);
			buildRules = (
			);
			dependencies = (
			);
			name = ECommerce;
			productName = ECommerce;
			productReference = B81AB9821FCD53D800FFA959 /* ECommerce.app */;
			productType = "com.apple.product-type.application";
		};
		B81AB9981FCD53D800FFA959 /* ECommerceTests */ = {
			isa = PBXNativeTarget;
			buildConfigurationList = B81AB9B01FCD53D800FFA959 /* Build configuration list for PBXNativeTarget "ECommerceTests" */;
			buildPhases = (
				B81AB9951FCD53D800FFA959 /* Sources */,
				B81AB9961FCD53D800FFA959 /* Frameworks */,
				B81AB9971FCD53D800FFA959 /* Resources */,
			);
			buildRules = (
			);
			dependencies = (
				B81AB99B1FCD53D800FFA959 /* PBXTargetDependency */,
			);
			name = ECommerceTests;
			productName = ECommerceTests;
			productReference = B81AB9991FCD53D800FFA959 /* ECommerceTests.xctest */;
			productType = "com.apple.product-type.bundle.unit-test";
		};
		B81AB9A31FCD53D800FFA959 /* ECommerceUITests */ = {
			isa = PBXNativeTarget;
			buildConfigurationList = B81AB9B31FCD53D800FFA959 /* Build configuration list for PBXNativeTarget "ECommerceUITests" */;
			buildPhases = (
				B81AB9A01FCD53D800FFA959 /* Sources */,
				B81AB9A11FCD53D800FFA959 /* Frameworks */,
				B81AB9A21FCD53D800FFA959 /* Resources */,
			);
			buildRules = (
			);
			dependencies = (
				B81AB9A61FCD53D800FFA959 /* PBXTargetDependency */,
			);
			name = ECommerceUITests;
			productName = ECommerceUITests;
			productReference = B81AB9A41FCD53D800FFA959 /* ECommerceUITests.xctest */;
			productType = "com.apple.product-type.bundle.ui-testing";
		};
/* End PBXNativeTarget section */

/* Begin PBXProject section */
		B81AB97A1FCD53D800FFA959 /* Project object */ = {
			isa = PBXProject;
			attributes = {
				LastSwiftUpdateCheck = 0900;
				LastUpgradeCheck = 0900;
				ORGANIZATIONNAME = Abc;
				TargetAttributes = {
					B81AB9811FCD53D800FFA959 = {
						CreatedOnToolsVersion = 9.0;
						ProvisioningStyle = Automatic;
					};
					B81AB9981FCD53D800FFA959 = {
						CreatedOnToolsVersion = 9.0;
						ProvisioningStyle = Automatic;
						TestTargetID = B81AB9811FCD53D800FFA959;
					};
					B81AB9A31FCD53D800FFA959 = {
						CreatedOnToolsVersion = 9.0;
						ProvisioningStyle = Automatic;
						TestTargetID = B81AB9811FCD53D800FFA959;
					};
				};
			};
			buildConfigurationList = B81AB97D1FCD53D800FFA959 /* Build configuration list for PBXProject "ECommerce" */;
			compatibilityVersion = "Xcode 8.0";
			developmentRegion = en;
			hasScannedForEncodings = 0;
			knownRegions = (
				en,
				Base,
			);
			mainGroup = B81AB9791FCD53D800FFA959;
			productRefGroup = B81AB9831FCD53D800FFA959 /* Products */;
			projectDirPath = "";
			projectRoot = "";
			targets = (
				B81AB9811FCD53D800FFA959 /* ECommerce */,
				B81AB9981FCD53D800FFA959 /* ECommerceTests */,
				B81AB9A31FCD53D800FFA959 /* ECommerceUITests */,
			);
		};
/* End PBXProject section */

/* Begin PBXResourcesBuildPhase section */
		B81AB9801FCD53D800FFA959 /* Resources */ = {
			isa = PBXResourcesBuildPhase;
			buildActionMask = 2147483647;
			files = (
				B81AB9931FCD53D800FFA959 /* LaunchScreen.storyboard in Resources */,
				B81AB9901FCD53D800FFA959 /* Assets.xcassets in Resources */,
				B81AB98B1FCD53D800FFA959 /* Main.storyboard in Resources */,
			);
			runOnlyForDeploymentPostprocessing = 0;
		};
		B81AB9971FCD53D800FFA959 /* Resources */ = {
			isa = PBXResourcesBuildPhase;
			buildActionMask = 2147483647;
			files = (
			);
			runOnlyForDeploymentPostprocessing = 0;
		};
		B81AB9A21FCD53D800FFA959 /* Resources */ = {
			isa = PBXResourcesBuildPhase;
			buildActionMask = 2147483647;
			files = (
			);
			runOnlyForDeploymentPostprocessing = 0;
		};
/* End PBXResourcesBuildPhase section */

/* Begin PBXSourcesBuildPhase section */
		B81AB97E1FCD53D800FFA959 /* Sources */ = {
			isa = PBXSourcesBuildPhase;
			buildActionMask = 2147483647;
			files = (
				B81AB9C71FCD7C4E00FFA959 /* RequestManager.swift in Sources */,
				B89196DE1FCE842C0021F37B /* SubCategoryViewController.swift in Sources */,
				B856B92A1FCFF4EA00B76A58 /* ProductDetailViewController.swift in Sources */,
				B89196E41FCE85780021F37B /* Product.swift in Sources */,
				B81AB98E1FCD53D800FFA959 /* ECommerce.xcdatamodeld in Sources */,
				B8FE9F091FD1412C00640D49 /* ProductRankListCell.swift in Sources */,
				B89196E01FCE84F60021F37B /* Tax.swift in Sources */,
				B89196EC1FCE86310021F37B /* ProductResponseVO.swift in Sources */,
				B81AB9CA1FCD7C7600FFA959 /* ImageDownloader.swift in Sources */,
				B856B92C1FCFF63C00B76A58 /* ProductDetailCell.swift in Sources */,
				B83299641FD12BB8000FBB3B /* RankingProductListViewController.swift in Sources */,
				B89196E21FCE85400021F37B /* Variant.swift in Sources */,
				B81AB9861FCD53D800FFA959 /* AppDelegate.swift in Sources */,
				B8A068081FCFD1AA00E2FB9C /* ProductListCell.swift in Sources */,
				B81AB9CC1FCD83A400FFA959 /* ProductsListViewController.swift in Sources */,
				B81AB9C61FCD7B1B00FFA959 /* CategoryViewModel.swift in Sources */,
				B89196E81FCE85EF0021F37B /* ProductRank.swift in Sources */,
				B81AB9C81FCD7C6000FFA959 /* ApiManager.swift in Sources */,
				B81AB9BC1FCD54CA00FFA959 /* RankingViewController.swift in Sources */,
				B81AB9C91FCD7C7400FFA959 /* DatabaseManager.swift in Sources */,
				B89196EA1FCE86130021F37B /* Rankings.swift in Sources */,
				B89196DC1FCE841A0021F37B /* CategoryViewController.swift in Sources */,
				B81AB9CB1FCD7C7900FFA959 /* PendingTask.swift in Sources */,
				B89196E61FCE85C10021F37B /* ProductCategory.swift in Sources */,
			);
			runOnlyForDeploymentPostprocessing = 0;
		};
		B81AB9951FCD53D800FFA959 /* Sources */ = {
			isa = PBXSourcesBuildPhase;
			buildActionMask = 2147483647;
			files = (
				B81AB99E1FCD53D800FFA959 /* ECommerceTests.swift in Sources */,
			);
			runOnlyForDeploymentPostprocessing = 0;
		};
		B81AB9A01FCD53D800FFA959 /* Sources */ = {
			isa = PBXSourcesBuildPhase;
			buildActionMask = 2147483647;
			files = (
				B81AB9A91FCD53D800FFA959 /* ECommerceUITests.swift in Sources */,
			);
			runOnlyForDeploymentPostprocessing = 0;
		};
/* End PBXSourcesBuildPhase section */

/* Begin PBXTargetDependency section */
		B81AB99B1FCD53D800FFA959 /* PBXTargetDependency */ = {
			isa = PBXTargetDependency;
			target = B81AB9811FCD53D800FFA959 /* ECommerce */;
			targetProxy = B81AB99A1FCD53D800FFA959 /* PBXContainerItemProxy */;
		};
		B81AB9A61FCD53D800FFA959 /* PBXTargetDependency */ = {
			isa = PBXTargetDependency;
			target = B81AB9811FCD53D800FFA959 /* ECommerce */;
			targetProxy = B81AB9A51FCD53D800FFA959 /* PBXContainerItemProxy */;
		};
/* End PBXTargetDependency section */

/* Begin PBXVariantGroup section */
		B81AB9891FCD53D800FFA959 /* Main.storyboard */ = {
			isa = PBXVariantGroup;
			children = (
				B81AB98A1FCD53D800FFA959 /* Base */,
			);
			name = Main.storyboard;
			sourceTree = "<group>";
		};
		B81AB9911FCD53D800FFA959 /* LaunchScreen.storyboard */ = {
			isa = PBXVariantGroup;
			children = (
				B81AB9921FCD53D800FFA959 /* Base */,
			);
			name = LaunchScreen.storyboard;
			sourceTree = "<group>";
		};
/* End PBXVariantGroup section */

/* Begin XCBuildConfiguration section */
		B81AB9AB1FCD53D800FFA959 /* Debug */ = {
			isa = XCBuildConfiguration;
			buildSettings = {
				ALWAYS_SEARCH_USER_PATHS = NO;
				CLANG_ANALYZER_NONNULL = YES;
				CLANG_ANALYZER_NUMBER_OBJECT_CONVERSION = YES_AGGRESSIVE;
				CLANG_CXX_LANGUAGE_STANDARD = "gnu++14";
				CLANG_CXX_LIBRARY = "libc++";
				CLANG_ENABLE_MODULES = YES;
				CLANG_ENABLE_OBJC_ARC = YES;
				CLANG_WARN_BLOCK_CAPTURE_AUTORELEASING = YES;
				CLANG_WARN_BOOL_CONVERSION = YES;
				CLANG_WARN_COMMA = YES;
				CLANG_WARN_CONSTANT_CONVERSION = YES;
				CLANG_WARN_DIRECT_OBJC_ISA_USAGE = YES_ERROR;
				CLANG_WARN_DOCUMENTATION_COMMENTS = YES;
				CLANG_WARN_EMPTY_BODY = YES;
				CLANG_WARN_ENUM_CONVERSION = YES;
				CLANG_WARN_INFINITE_RECURSION = YES;
				CLANG_WARN_INT_CONVERSION = YES;
				CLANG_WARN_NON_LITERAL_NULL_CONVERSION = YES;
				CLANG_WARN_OBJC_LITERAL_CONVERSION = YES;
				CLANG_WARN_OBJC_ROOT_CLASS = YES_ERROR;
				CLANG_WARN_RANGE_LOOP_ANALYSIS = YES;
				CLANG_WARN_STRICT_PROTOTYPES = YES;
				CLANG_WARN_SUSPICIOUS_MOVE = YES;
				CLANG_WARN_UNGUARDED_AVAILABILITY = YES_AGGRESSIVE;
				CLANG_WARN_UNREACHABLE_CODE = YES;
				CLANG_WARN__DUPLICATE_METHOD_MATCH = YES;
				CODE_SIGN_IDENTITY = "iPhone Developer";
				COPY_PHASE_STRIP = NO;
				DEBUG_INFORMATION_FORMAT = dwarf;
				ENABLE_STRICT_OBJC_MSGSEND = YES;
				ENABLE_TESTABILITY = YES;
				GCC_C_LANGUAGE_STANDARD = gnu11;
				GCC_DYNAMIC_NO_PIC = NO;
				GCC_NO_COMMON_BLOCKS = YES;
				GCC_OPTIMIZATION_LEVEL = 0;
				GCC_PREPROCESSOR_DEFINITIONS = (
					"DEBUG=1",
					"$(inherited)",
				);
				GCC_WARN_64_TO_32_BIT_CONVERSION = YES;
				GCC_WARN_ABOUT_RETURN_TYPE = YES_ERROR;
				GCC_WARN_UNDECLARED_SELECTOR = YES;
				GCC_WARN_UNINITIALIZED_AUTOS = YES_AGGRESSIVE;
				GCC_WARN_UNUSED_FUNCTION = YES;
				GCC_WARN_UNUSED_VARIABLE = YES;
				IPHONEOS_DEPLOYMENT_TARGET = 11.0;
				MTL_ENABLE_DEBUG_INFO = YES;
				ONLY_ACTIVE_ARCH = YES;
				SDKROOT = iphoneos;
				SWIFT_ACTIVE_COMPILATION_CONDITIONS = DEBUG;
				SWIFT_OPTIMIZATION_LEVEL = "-Onone";
			};
			name = Debug;
		};
		B81AB9AC1FCD53D800FFA959 /* Release */ = {
			isa = XCBuildConfiguration;
			buildSettings = {
				ALWAYS_SEARCH_USER_PATHS = NO;
				CLANG_ANALYZER_NONNULL = YES;
				CLANG_ANALYZER_NUMBER_OBJECT_CONVERSION = YES_AGGRESSIVE;
				CLANG_CXX_LANGUAGE_STANDARD = "gnu++14";
				CLANG_CXX_LIBRARY = "libc++";
				CLANG_ENABLE_MODULES = YES;
				CLANG_ENABLE_OBJC_ARC = YES;
				CLANG_WARN_BLOCK_CAPTURE_AUTORELEASING = YES;
				CLANG_WARN_BOOL_CONVERSION = YES;
				CLANG_WARN_COMMA = YES;
				CLANG_WARN_CONSTANT_CONVERSION = YES;
				CLANG_WARN_DIRECT_OBJC_ISA_USAGE = YES_ERROR;
				CLANG_WARN_DOCUMENTATION_COMMENTS = YES;
				CLANG_WARN_EMPTY_BODY = YES;
				CLANG_WARN_ENUM_CONVERSION = YES;
				CLANG_WARN_INFINITE_RECURSION = YES;
				CLANG_WARN_INT_CONVERSION = YES;
				CLANG_WARN_NON_LITERAL_NULL_CONVERSION = YES;
				CLANG_WARN_OBJC_LITERAL_CONVERSION = YES;
				CLANG_WARN_OBJC_ROOT_CLASS = YES_ERROR;
				CLANG_WARN_RANGE_LOOP_ANALYSIS = YES;
				CLANG_WARN_STRICT_PROTOTYPES = YES;
				CLANG_WARN_SUSPICIOUS_MOVE = YES;
				CLANG_WARN_UNGUARDED_AVAILABILITY = YES_AGGRESSIVE;
				CLANG_WARN_UNREACHABLE_CODE = YES;
				CLANG_WARN__DUPLICATE_METHOD_MATCH = YES;
				CODE_SIGN_IDENTITY = "iPhone Developer";
				COPY_PHASE_STRIP = NO;
				DEBUG_INFORMATION_FORMAT = "dwarf-with-dsym";
				ENABLE_NS_ASSERTIONS = NO;
				ENABLE_STRICT_OBJC_MSGSEND = YES;
				GCC_C_LANGUAGE_STANDARD = gnu11;
				GCC_NO_COMMON_BLOCKS = YES;
				GCC_WARN_64_TO_32_BIT_CONVERSION = YES;
				GCC_WARN_ABOUT_RETURN_TYPE = YES_ERROR;
				GCC_WARN_UNDECLARED_SELECTOR = YES;
				GCC_WARN_UNINITIALIZED_AUTOS = YES_AGGRESSIVE;
				GCC_WARN_UNUSED_FUNCTION = YES;
				GCC_WARN_UNUSED_VARIABLE = YES;
				IPHONEOS_DEPLOYMENT_TARGET = 11.0;
				MTL_ENABLE_DEBUG_INFO = NO;
				SDKROOT = iphoneos;
				SWIFT_OPTIMIZATION_LEVEL = "-Owholemodule";
				VALIDATE_PRODUCT = YES;
			};
			name = Release;
		};
		B81AB9AE1FCD53D800FFA959 /* Debug */ = {
			isa = XCBuildConfiguration;
			buildSettings = {
				ASSETCATALOG_COMPILER_APPICON_NAME = AppIcon;
				CODE_SIGN_STYLE = Automatic;
				INFOPLIST_FILE = ECommerce/Info.plist;
				LD_RUNPATH_SEARCH_PATHS = "$(inherited) @executable_path/Frameworks";
				PRODUCT_BUNDLE_IDENTIFIER = com.Developer.ECommerce;
				PRODUCT_NAME = "$(TARGET_NAME)";
				SWIFT_VERSION = 4.0;
				TARGETED_DEVICE_FAMILY = "1,2";
			};
			name = Debug;
		};
		B81AB9AF1FCD53D800FFA959 /* Release */ = {
			isa = XCBuildConfiguration;
			buildSettings = {
				ASSETCATALOG_COMPILER_APPICON_NAME = AppIcon;
				CODE_SIGN_STYLE = Automatic;
				INFOPLIST_FILE = ECommerce/Info.plist;
				LD_RUNPATH_SEARCH_PATHS = "$(inherited) @executable_path/Frameworks";
				PRODUCT_BUNDLE_IDENTIFIER = com.Developer.ECommerce;
				PRODUCT_NAME = "$(TARGET_NAME)";
				SWIFT_VERSION = 4.0;
				TARGETED_DEVICE_FAMILY = "1,2";
			};
			name = Release;
		};
		B81AB9B11FCD53D800FFA959 /* Debug */ = {
			isa = XCBuildConfiguration;
			buildSettings = {
				ALWAYS_EMBED_SWIFT_STANDARD_LIBRARIES = YES;
				BUNDLE_LOADER = "$(TEST_HOST)";
				CODE_SIGN_STYLE = Automatic;
				INFOPLIST_FILE = ECommerceTests/Info.plist;
				LD_RUNPATH_SEARCH_PATHS = "$(inherited) @executable_path/Frameworks @loader_path/Frameworks";
				PRODUCT_BUNDLE_IDENTIFIER = com.Developer.ECommerceTests;
				PRODUCT_NAME = "$(TARGET_NAME)";
				SWIFT_VERSION = 4.0;
				TARGETED_DEVICE_FAMILY = "1,2";
				TEST_HOST = "$(BUILT_PRODUCTS_DIR)/ECommerce.app/ECommerce";
			};
			name = Debug;
		};
		B81AB9B21FCD53D800FFA959 /* Release */ = {
			isa = XCBuildConfiguration;
			buildSettings = {
				ALWAYS_EMBED_SWIFT_STANDARD_LIBRARIES = YES;
				BUNDLE_LOADER = "$(TEST_HOST)";
				CODE_SIGN_STYLE = Automatic;
				INFOPLIST_FILE = ECommerceTests/Info.plist;
				LD_RUNPATH_SEARCH_PATHS = "$(inherited) @executable_path/Frameworks @loader_path/Frameworks";
				PRODUCT_BUNDLE_IDENTIFIER = com.Developer.ECommerceTests;
				PRODUCT_NAME = "$(TARGET_NAME)";
				SWIFT_VERSION = 4.0;
				TARGETED_DEVICE_FAMILY = "1,2";
				TEST_HOST = "$(BUILT_PRODUCTS_DIR)/ECommerce.app/ECommerce";
			};
			name = Release;
		};
		B81AB9B41FCD53D800FFA959 /* Debug */ = {
			isa = XCBuildConfiguration;
			buildSettings = {
				ALWAYS_EMBED_SWIFT_STANDARD_LIBRARIES = YES;
				CODE_SIGN_STYLE = Automatic;
				INFOPLIST_FILE = ECommerceUITests/Info.plist;
				LD_RUNPATH_SEARCH_PATHS = "$(inherited) @executable_path/Frameworks @loader_path/Frameworks";
				PRODUCT_BUNDLE_IDENTIFIER = com.Developer.ECommerceUITests;
				PRODUCT_NAME = "$(TARGET_NAME)";
				SWIFT_VERSION = 4.0;
				TARGETED_DEVICE_FAMILY = "1,2";
				TEST_TARGET_NAME = ECommerce;
			};
			name = Debug;
		};
		B81AB9B51FCD53D800FFA959 /* Release */ = {
			isa = XCBuildConfiguration;
			buildSettings = {
				ALWAYS_EMBED_SWIFT_STANDARD_LIBRARIES = YES;
				CODE_SIGN_STYLE = Automatic;
				INFOPLIST_FILE = ECommerceUITests/Info.plist;
				LD_RUNPATH_SEARCH_PATHS = "$(inherited) @executable_path/Frameworks @loader_path/Frameworks";
				PRODUCT_BUNDLE_IDENTIFIER = com.Developer.ECommerceUITests;
				PRODUCT_NAME = "$(TARGET_NAME)";
				SWIFT_VERSION = 4.0;
				TARGETED_DEVICE_FAMILY = "1,2";
				TEST_TARGET_NAME = ECommerce;
			};
			name = Release;
		};
/* End XCBuildConfiguration section */

/* Begin XCConfigurationList section */
		B81AB97D1FCD53D800FFA959 /* Build configuration list for PBXProject "ECommerce" */ = {
			isa = XCConfigurationList;
			buildConfigurations = (
				B81AB9AB1FCD53D800FFA959 /* Debug */,
				B81AB9AC1FCD53D800FFA959 /* Release */,
			);
			defaultConfigurationIsVisible = 0;
			defaultConfigurationName = Release;
		};
		B81AB9AD1FCD53D800FFA959 /* Build configuration list for PBXNativeTarget "ECommerce" */ = {
			isa = XCConfigurationList;
			buildConfigurations = (
				B81AB9AE1FCD53D800FFA959 /* Debug */,
				B81AB9AF1FCD53D800FFA959 /* Release */,
			);
			defaultConfigurationIsVisible = 0;
			defaultConfigurationName = Release;
		};
		B81AB9B01FCD53D800FFA959 /* Build configuration list for PBXNativeTarget "ECommerceTests" */ = {
			isa = XCConfigurationList;
			buildConfigurations = (
				B81AB9B11FCD53D800FFA959 /* Debug */,
				B81AB9B21FCD53D800FFA959 /* Release */,
			);
			defaultConfigurationIsVisible = 0;
			defaultConfigurationName = Release;
		};
		B81AB9B31FCD53D800FFA959 /* Build configuration list for PBXNativeTarget "ECommerceUITests" */ = {
			isa = XCConfigurationList;
			buildConfigurations = (
				B81AB9B41FCD53D800FFA959 /* Debug */,
				B81AB9B51FCD53D800FFA959 /* Release */,
			);
			defaultConfigurationIsVisible = 0;
			defaultConfigurationName = Release;
		};
/* End XCConfigurationList section */

/* Begin XCVersionGroup section */
		B81AB98C1FCD53D800FFA959 /* ECommerce.xcdatamodeld */ = {
			isa = XCVersionGroup;
			children = (
				B81AB98D1FCD53D800FFA959 /* ECommerce.xcdatamodel */,
			);
			currentVersion = B81AB98D1FCD53D800FFA959 /* ECommerce.xcdatamodel */;
			path = ECommerce.xcdatamodeld;
			sourceTree = "<group>";
			versionGroupType = wrapper.xcdatamodel;
		};
/* End XCVersionGroup section */
	};
	rootObject = B81AB97A1FCD53D800FFA959 /* Project object */;
}
